
Microsoft Visual Studio Solution File, Format Version 12.00
# Visual Studio 14
VisualStudioVersion = 14.0.23107.0
MinimumVisualStudioVersion = 10.0.40219.1
Project("{FAE04EC0-301F-11D3-BF4B-00C04F79EFBC}") = "Prufa", "Prufa\Prufa.csproj", "{9AB78275-39D6-4094-A221-AF82872051DF}"
EndProject
Project("{FAE04EC0-301F-11D3-BF4B-00C04F79EFBC}") = "Prufa.Tests", "Prufa.Tests\Prufa.Tests.csproj", "{1F984C92-C18A-406C-BBEC-40DEE342F1BA}"
EndProject
Global
	GlobalSection(SolutionConfigurationPlatforms) = preSolution
		Debug|Any CPU = Debug|Any CPU
		Release|Any CPU = Release|Any CPU
	EndGlobalSection
	GlobalSection(ProjectConfigurationPlatforms) = postSolution
		{9AB78275-39D6-4094-A221-AF82872051DF}.Debug|Any CPU.ActiveCfg = Debug|Any CPU
		{9AB78275-39D6-4094-A221-AF82872051DF}.Debug|Any CPU.Build.0 = Debug|Any CPU
		{9AB78275-39D6-4094-A221-AF82872051DF}.Release|Any CPU.ActiveCfg = Release|Any CPU
		{9AB78275-39D6-4094-A221-AF82872051DF}.Release|Any CPU.Build.0 = Release|Any CPU
		{1F984C92-C18A-406C-BBEC-40DEE342F1BA}.Debug|Any CPU.ActiveCfg = Debug|Any CPU
		{1F984C92-C18A-406C-BBEC-40DEE342F1BA}.Debug|Any CPU.Build.0 = Debug|Any CPU
		{1F984C92-C18A-406C-BBEC-40DEE342F1BA}.Release|Any CPU.ActiveCfg = Release|Any CPU
		{1F984C92-C18A-406C-BBEC-40DEE342F1BA}.Release|Any CPU.Build.0 = Release|Any CPU
	EndGlobalSection
	GlobalSection(SolutionProperties) = preSolution
		HideSolutionNode = FALSE
	EndGlobalSection
EndGlobal
